
Microsoft Visual Studio Solution File, Format Version 12.00
# Visual Studio 15
VisualStudioVersion = 15.0.28307.168
MinimumVisualStudioVersion = 10.0.40219.1
Project("{FAE04EC0-301F-11D3-BF4B-00C04F79EFBC}") = "Automation task", "Automation task\Automation task.csproj", "{F1588AC7-FA86-427D-827F-79046D6A550F}"
EndProject
Global
	GlobalSection(SolutionConfigurationPlatforms) = preSolution
		Debug|Any CPU = Debug|Any CPU
		Release|Any CPU = Release|Any CPU
	EndGlobalSection
	GlobalSection(ProjectConfigurationPlatforms) = postSolution
		{F1588AC7-FA86-427D-827F-79046D6A550F}.Debug|Any CPU.ActiveCfg = Debug|Any CPU
		{F1588AC7-FA86-427D-827F-79046D6A550F}.Debug|Any CPU.Build.0 = Debug|Any CPU
		{F1588AC7-FA86-427D-827F-79046D6A550F}.Release|Any CPU.ActiveCfg = Release|Any CPU
		{F1588AC7-FA86-427D-827F-79046D6A550F}.Release|Any CPU.Build.0 = Release|Any CPU
	EndGlobalSection
	GlobalSection(SolutionProperties) = preSolution
		HideSolutionNode = FALSE
	EndGlobalSection
	GlobalSection(ExtensibilityGlobals) = postSolution
		SolutionGuid = {043EA0D0-D7FA-4EE7-8F3B-099A32D98A30}
	EndGlobalSection
EndGlobal
